
Microsoft Visual Studio Solution File, Format Version 12.00
# Visual Studio 15
VisualStudioVersion = 15.0.28010.2046
MinimumVisualStudioVersion = 10.0.40219.1
Project("{FAE04EC0-301F-11D3-BF4B-00C04F79EFBC}") = "HelloWorld_Console", "HelloWorld_Console\HelloWorld_Console.csproj", "{94AD849B-4576-4022-9E51-9286A783471D}"
EndProject
Project("{FAE04EC0-301F-11D3-BF4B-00C04F79EFBC}") = "HelloWorldLib", "HelloWorldLib\HelloWorldLib.csproj", "{447B6EC9-8DFF-4C3D-A24A-C4017A66C435}"
EndProject
Project("{FAE04EC0-301F-11D3-BF4B-00C04F79EFBC}") = "HelloWorldUnitTests", "HelloWorldUnitTests\HelloWorldUnitTests.csproj", "{966BE368-B16E-433B-AC44-9C855A1D4585}"
EndProject
Global
	GlobalSection(SolutionConfigurationPlatforms) = preSolution
		Debug|Any CPU = Debug|Any CPU
		Release|Any CPU = Release|Any CPU
	EndGlobalSection
	GlobalSection(ProjectConfigurationPlatforms) = postSolution
		{94AD849B-4576-4022-9E51-9286A783471D}.Debug|Any CPU.ActiveCfg = Debug|Any CPU
		{94AD849B-4576-4022-9E51-9286A783471D}.Debug|Any CPU.Build.0 = Debug|Any CPU
		{94AD849B-4576-4022-9E51-9286A783471D}.Release|Any CPU.ActiveCfg = Release|Any CPU
		{94AD849B-4576-4022-9E51-9286A783471D}.Release|Any CPU.Build.0 = Release|Any CPU
		{447B6EC9-8DFF-4C3D-A24A-C4017A66C435}.Debug|Any CPU.ActiveCfg = Debug|Any CPU
		{447B6EC9-8DFF-4C3D-A24A-C4017A66C435}.Debug|Any CPU.Build.0 = Debug|Any CPU
		{447B6EC9-8DFF-4C3D-A24A-C4017A66C435}.Release|Any CPU.ActiveCfg = Release|Any CPU
		{447B6EC9-8DFF-4C3D-A24A-C4017A66C435}.Release|Any CPU.Build.0 = Release|Any CPU
		{966BE368-B16E-433B-AC44-9C855A1D4585}.Debug|Any CPU.ActiveCfg = Debug|Any CPU
		{966BE368-B16E-433B-AC44-9C855A1D4585}.Debug|Any CPU.Build.0 = Debug|Any CPU
		{966BE368-B16E-433B-AC44-9C855A1D4585}.Release|Any CPU.ActiveCfg = Release|Any CPU
		{966BE368-B16E-433B-AC44-9C855A1D4585}.Release|Any CPU.Build.0 = Release|Any CPU
	EndGlobalSection
	GlobalSection(SolutionProperties) = preSolution
		HideSolutionNode = FALSE
	EndGlobalSection
	GlobalSection(ExtensibilityGlobals) = postSolution
		SolutionGuid = {4A5E0CC1-1721-40B0-848D-30ECF6D08C11}
	EndGlobalSection
EndGlobal
